
Microsoft Visual Studio Solution File, Format Version 12.00
# Visual Studio Version 16
VisualStudioVersion = 16.0.31424.327
MinimumVisualStudioVersion = 10.0.40219.1
Project("{8BC9CEB8-8B4A-11D0-8D11-00A0C91BC942}") = "SK-Lib-math.h-cbrt-Bagian7__C", "SK-Lib-math.h-cbrt-Bagian7__C\SK-Lib-math.h-cbrt-Bagian7__C.vcxproj", "{C481B4C2-AB88-48D1-98CF-2BBDC1DBCBDB}"
EndProject
Global
	GlobalSection(SolutionConfigurationPlatforms) = preSolution
		Debug|x64 = Debug|x64
		Debug|x86 = Debug|x86
		Release|x64 = Release|x64
		Release|x86 = Release|x86
	EndGlobalSection
	GlobalSection(ProjectConfigurationPlatforms) = postSolution
		{C481B4C2-AB88-48D1-98CF-2BBDC1DBCBDB}.Debug|x64.ActiveCfg = Debug|x64
		{C481B4C2-AB88-48D1-98CF-2BBDC1DBCBDB}.Debug|x64.Build.0 = Debug|x64
		{C481B4C2-AB88-48D1-98CF-2BBDC1DBCBDB}.Debug|x86.ActiveCfg = Debug|Win32
		{C481B4C2-AB88-48D1-98CF-2BBDC1DBCBDB}.Debug|x86.Build.0 = Debug|Win32
		{C481B4C2-AB88-48D1-98CF-2BBDC1DBCBDB}.Release|x64.ActiveCfg = Release|x64
		{C481B4C2-AB88-48D1-98CF-2BBDC1DBCBDB}.Release|x64.Build.0 = Release|x64
		{C481B4C2-AB88-48D1-98CF-2BBDC1DBCBDB}.Release|x86.ActiveCfg = Release|Win32
		{C481B4C2-AB88-48D1-98CF-2BBDC1DBCBDB}.Release|x86.Build.0 = Release|Win32
	EndGlobalSection
	GlobalSection(SolutionProperties) = preSolution
		HideSolutionNode = FALSE
	EndGlobalSection
	GlobalSection(ExtensibilityGlobals) = postSolution
		SolutionGuid = {0261544F-8AB2-47B1-957B-D45175217B46}
	EndGlobalSection
EndGlobal
